// !$*UTF8*$!
{
	archiveVersion = 1;
	classes = {
	};
	objectVersion = 48;
	objects = {

/* Begin PBXBuildFile section */
		EE4692911EF173EA002A763C /* Swift-Struct-Gloss.json in Resources */ = {isa = PBXBuildFile; fileRef = EE4692821EF173EA002A763C /* Swift-Struct-Gloss.json */; };
		EE4692921EF173EA002A763C /* ObjectiveC-Realm.json in Resources */ = {isa = PBXBuildFile; fileRef = EE4692831EF173EA002A763C /* ObjectiveC-Realm.json */; };
		EE4692931EF173EA002A763C /* Java-Android Gson.json in Resources */ = {isa = PBXBuildFile; fileRef = EE4692841EF173EA002A763C /* Java-Android Gson.json */; };
		EE4692941EF173EA002A763C /* Java-Android Realm.json in Resources */ = {isa = PBXBuildFile; fileRef = EE4692851EF173EA002A763C /* Java-Android Realm.json */; };
		EE4692951EF173EA002A763C /* Java-Android.json in Resources */ = {isa = PBXBuildFile; fileRef = EE4692861EF173EA002A763C /* Java-Android.json */; };
		EE4692961EF173EA002A763C /* ObjectiveC-CoreData-iOS.json in Resources */ = {isa = PBXBuildFile; fileRef = EE4692871EF173EA002A763C /* ObjectiveC-CoreData-iOS.json */; };
		EE4692971EF173EA002A763C /* ObjectiveC-iOS.json in Resources */ = {isa = PBXBuildFile; fileRef = EE4692881EF173EA002A763C /* ObjectiveC-iOS.json */; };
		EE4692981EF173EA002A763C /* ObjectiveC-Mac.json in Resources */ = {isa = PBXBuildFile; fileRef = EE4692891EF173EA002A763C /* ObjectiveC-Mac.json */; };
		EE4692991EF173EA002A763C /* Swift-Realm.json in Resources */ = {isa = PBXBuildFile; fileRef = EE46928A1EF173EA002A763C /* Swift-Realm.json */; };
		EE46929A1EF173EA002A763C /* Swift-Class.json in Resources */ = {isa = PBXBuildFile; fileRef = EE46928B1EF173EA002A763C /* Swift-Class.json */; };
		EE46929B1EF173EA002A763C /* Swift-CoreData.json in Resources */ = {isa = PBXBuildFile; fileRef = EE46928C1EF173EA002A763C /* Swift-CoreData.json */; };
		EE46929C1EF173EA002A763C /* Swift-Mappable.json in Resources */ = {isa = PBXBuildFile; fileRef = EE46928D1EF173EA002A763C /* Swift-Mappable.json */; };
		EE46929D1EF173EA002A763C /* Swift-Struct.json in Resources */ = {isa = PBXBuildFile; fileRef = EE46928E1EF173EA002A763C /* Swift-Struct.json */; };
		EE46929E1EF173EA002A763C /* Swift-Struct-Unbox.json in Resources */ = {isa = PBXBuildFile; fileRef = EE46928F1EF173EA002A763C /* Swift-Struct-Unbox.json */; };
		EE46929F1EF173EA002A763C /* SwiftyJSON-Class.json in Resources */ = {isa = PBXBuildFile; fileRef = EE4692901EF173EA002A763C /* SwiftyJSON-Class.json */; };
		EE4692A61EF173F7002A763C /* Constructor.swift in Sources */ = {isa = PBXBuildFile; fileRef = EE4692A01EF173F7002A763C /* Constructor.swift */; };
		EE4692A71EF173F7002A763C /* DataType.swift in Sources */ = {isa = PBXBuildFile; fileRef = EE4692A11EF173F7002A763C /* DataType.swift */; };
		EE4692A81EF173F7002A763C /* LangModel.swift in Sources */ = {isa = PBXBuildFile; fileRef = EE4692A21EF173F7002A763C /* LangModel.swift */; };
		EE4692A91EF173F7002A763C /* UtilityMethod.swift in Sources */ = {isa = PBXBuildFile; fileRef = EE4692A31EF173F7002A763C /* UtilityMethod.swift */; };
		EE4692AA1EF173F7002A763C /* HeaderFileData.swift in Sources */ = {isa = PBXBuildFile; fileRef = EE4692A41EF173F7002A763C /* HeaderFileData.swift */; };
		EE4692AB1EF173F7002A763C /* Author.swift in Sources */ = {isa = PBXBuildFile; fileRef = EE4692A51EF173F7002A763C /* Author.swift */; };
		EE4692B11EF1740C002A763C /* FileRepresenter.swift in Sources */ = {isa = PBXBuildFile; fileRef = EE4692AC1EF1740C002A763C /* FileRepresenter.swift */; };
		EE4692B21EF1740C002A763C /* HeaderFileRepresenter.swift in Sources */ = {isa = PBXBuildFile; fileRef = EE4692AD1EF1740C002A763C /* HeaderFileRepresenter.swift */; };
		EE4692B31EF1740C002A763C /* Property.swift in Sources */ = {isa = PBXBuildFile; fileRef = EE4692AE1EF1740C002A763C /* Property.swift */; };
		EE4692B41EF1740C002A763C /* SharedConstants.swift in Sources */ = {isa = PBXBuildFile; fileRef = EE4692AF1EF1740C002A763C /* SharedConstants.swift */; };
		EE4692B51EF1740C002A763C /* FileContentBuilder.swift in Sources */ = {isa = PBXBuildFile; fileRef = EE4692B01EF1740C002A763C /* FileContentBuilder.swift */; };
		EE4692BB1EF17421002A763C /* NoodleLineNumberMarker.m in Sources */ = {isa = PBXBuildFile; fileRef = EE4692B71EF17421002A763C /* NoodleLineNumberMarker.m */; };
		EE4692BC1EF17421002A763C /* NoodleLineNumberView.m in Sources */ = {isa = PBXBuildFile; fileRef = EE4692B91EF17421002A763C /* NoodleLineNumberView.m */; };
		EE4692C11EF17434002A763C /* StringExtension.swift in Sources */ = {isa = PBXBuildFile; fileRef = EE4692BD1EF17434002A763C /* StringExtension.swift */; };
		EE4692C21EF17434002A763C /* FilePreviewCell.swift in Sources */ = {isa = PBXBuildFile; fileRef = EE4692BE1EF17434002A763C /* FilePreviewCell.swift */; };
		EE4692C31EF17434002A763C /* SharedUtilityMethods.swift in Sources */ = {isa = PBXBuildFile; fileRef = EE4692BF1EF17434002A763C /* SharedUtilityMethods.swift */; };
		EE4692C41EF17434002A763C /* ApiClient.swift in Sources */ = {isa = PBXBuildFile; fileRef = EE4692C01EF17434002A763C /* ApiClient.swift */; };
		EE5FF3051EF027C100AF9984 /* AppDelegate.swift in Sources */ = {isa = PBXBuildFile; fileRef = EE5FF3041EF027C100AF9984 /* AppDelegate.swift */; };
		EE5FF3071EF027C100AF9984 /* ViewController.swift in Sources */ = {isa = PBXBuildFile; fileRef = EE5FF3061EF027C100AF9984 /* ViewController.swift */; };
		EE5FF3091EF027C100AF9984 /* Assets.xcassets in Resources */ = {isa = PBXBuildFile; fileRef = EE5FF3081EF027C100AF9984 /* Assets.xcassets */; };
		EE5FF30C1EF027C100AF9984 /* Main.storyboard in Resources */ = {isa = PBXBuildFile; fileRef = EE5FF30A1EF027C100AF9984 /* Main.storyboard */; };
/* End PBXBuildFile section */

/* Begin PBXFileReference section */
		EE4692821EF173EA002A763C /* Swift-Struct-Gloss.json */ = {isa = PBXFileReference; fileEncoding = 4; lastKnownFileType = text.json; path = "Swift-Struct-Gloss.json"; sourceTree = "<group>"; };
		EE4692831EF173EA002A763C /* ObjectiveC-Realm.json */ = {isa = PBXFileReference; fileEncoding = 4; lastKnownFileType = text.json; path = "ObjectiveC-Realm.json"; sourceTree = "<group>"; };
		EE4692841EF173EA002A763C /* Java-Android Gson.json */ = {isa = PBXFileReference; fileEncoding = 4; lastKnownFileType = text.json; path = "Java-Android Gson.json"; sourceTree = "<group>"; };
		EE4692851EF173EA002A763C /* Java-Android Realm.json */ = {isa = PBXFileReference; fileEncoding = 4; lastKnownFileType = text.json; path = "Java-Android Realm.json"; sourceTree = "<group>"; };
		EE4692861EF173EA002A763C /* Java-Android.json */ = {isa = PBXFileReference; fileEncoding = 4; lastKnownFileType = text.json; path = "Java-Android.json"; sourceTree = "<group>"; };
		EE4692871EF173EA002A763C /* ObjectiveC-CoreData-iOS.json */ = {isa = PBXFileReference; fileEncoding = 4; lastKnownFileType = text.json; path = "ObjectiveC-CoreData-iOS.json"; sourceTree = "<group>"; };
		EE4692881EF173EA002A763C /* ObjectiveC-iOS.json */ = {isa = PBXFileReference; fileEncoding = 4; lastKnownFileType = text.json; path = "ObjectiveC-iOS.json"; sourceTree = "<group>"; };
		EE4692891EF173EA002A763C /* ObjectiveC-Mac.json */ = {isa = PBXFileReference; fileEncoding = 4; lastKnownFileType = text.json; path = "ObjectiveC-Mac.json"; sourceTree = "<group>"; };
		EE46928A1EF173EA002A763C /* Swift-Realm.json */ = {isa = PBXFileReference; fileEncoding = 4; lastKnownFileType = text.json; path = "Swift-Realm.json"; sourceTree = "<group>"; };
		EE46928B1EF173EA002A763C /* Swift-Class.json */ = {isa = PBXFileReference; fileEncoding = 4; lastKnownFileType = text.json; path = "Swift-Class.json"; sourceTree = "<group>"; };
		EE46928C1EF173EA002A763C /* Swift-CoreData.json */ = {isa = PBXFileReference; fileEncoding = 4; lastKnownFileType = text.json; path = "Swift-CoreData.json"; sourceTree = "<group>"; };
		EE46928D1EF173EA002A763C /* Swift-Mappable.json */ = {isa = PBXFileReference; fileEncoding = 4; lastKnownFileType = text.json; path = "Swift-Mappable.json"; sourceTree = "<group>"; };
		EE46928E1EF173EA002A763C /* Swift-Struct.json */ = {isa = PBXFileReference; fileEncoding = 4; lastKnownFileType = text.json; path = "Swift-Struct.json"; sourceTree = "<group>"; };
		EE46928F1EF173EA002A763C /* Swift-Struct-Unbox.json */ = {isa = PBXFileReference; fileEncoding = 4; lastKnownFileType = text.json; path = "Swift-Struct-Unbox.json"; sourceTree = "<group>"; };
		EE4692901EF173EA002A763C /* SwiftyJSON-Class.json */ = {isa = PBXFileReference; fileEncoding = 4; lastKnownFileType = text.json; path = "SwiftyJSON-Class.json"; sourceTree = "<group>"; };
		EE4692A01EF173F7002A763C /* Constructor.swift */ = {isa = PBXFileReference; fileEncoding = 4; lastKnownFileType = sourcecode.swift; path = Constructor.swift; sourceTree = "<group>"; };
		EE4692A11EF173F7002A763C /* DataType.swift */ = {isa = PBXFileReference; fileEncoding = 4; lastKnownFileType = sourcecode.swift; path = DataType.swift; sourceTree = "<group>"; };
		EE4692A21EF173F7002A763C /* LangModel.swift */ = {isa = PBXFileReference; fileEncoding = 4; lastKnownFileType = sourcecode.swift; path = LangModel.swift; sourceTree = "<group>"; };
		EE4692A31EF173F7002A763C /* UtilityMethod.swift */ = {isa = PBXFileReference; fileEncoding = 4; lastKnownFileType = sourcecode.swift; path = UtilityMethod.swift; sourceTree = "<group>"; };
		EE4692A41EF173F7002A763C /* HeaderFileData.swift */ = {isa = PBXFileReference; fileEncoding = 4; lastKnownFileType = sourcecode.swift; path = HeaderFileData.swift; sourceTree = "<group>"; };
		EE4692A51EF173F7002A763C /* Author.swift */ = {isa = PBXFileReference; fileEncoding = 4; lastKnownFileType = sourcecode.swift; path = Author.swift; sourceTree = "<group>"; };
		EE4692AC1EF1740C002A763C /* FileRepresenter.swift */ = {isa = PBXFileReference; fileEncoding = 4; lastKnownFileType = sourcecode.swift; path = FileRepresenter.swift; sourceTree = "<group>"; };
		EE4692AD1EF1740C002A763C /* HeaderFileRepresenter.swift */ = {isa = PBXFileReference; fileEncoding = 4; lastKnownFileType = sourcecode.swift; path = HeaderFileRepresenter.swift; sourceTree = "<group>"; };
		EE4692AE1EF1740C002A763C /* Property.swift */ = {isa = PBXFileReference; fileEncoding = 4; lastKnownFileType = sourcecode.swift; path = Property.swift; sourceTree = "<group>"; };
		EE4692AF1EF1740C002A763C /* SharedConstants.swift */ = {isa = PBXFileReference; fileEncoding = 4; lastKnownFileType = sourcecode.swift; path = SharedConstants.swift; sourceTree = "<group>"; };
		EE4692B01EF1740C002A763C /* FileContentBuilder.swift */ = {isa = PBXFileReference; fileEncoding = 4; lastKnownFileType = sourcecode.swift; path = FileContentBuilder.swift; sourceTree = "<group>"; };
		EE4692B61EF17421002A763C /* NoodleLineNumberMarker.h */ = {isa = PBXFileReference; fileEncoding = 4; lastKnownFileType = sourcecode.c.h; path = NoodleLineNumberMarker.h; sourceTree = "<group>"; };
		EE4692B71EF17421002A763C /* NoodleLineNumberMarker.m */ = {isa = PBXFileReference; fileEncoding = 4; lastKnownFileType = sourcecode.c.objc; path = NoodleLineNumberMarker.m; sourceTree = "<group>"; };
		EE4692B81EF17421002A763C /* NoodleLineNumberView.h */ = {isa = PBXFileReference; fileEncoding = 4; lastKnownFileType = sourcecode.c.h; path = NoodleLineNumberView.h; sourceTree = "<group>"; };
		EE4692B91EF17421002A763C /* NoodleLineNumberView.m */ = {isa = PBXFileReference; fileEncoding = 4; lastKnownFileType = sourcecode.c.objc; path = NoodleLineNumberView.m; sourceTree = "<group>"; };
		EE4692BD1EF17434002A763C /* StringExtension.swift */ = {isa = PBXFileReference; fileEncoding = 4; lastKnownFileType = sourcecode.swift; path = StringExtension.swift; sourceTree = "<group>"; };
		EE4692BE1EF17434002A763C /* FilePreviewCell.swift */ = {isa = PBXFileReference; fileEncoding = 4; lastKnownFileType = sourcecode.swift; path = FilePreviewCell.swift; sourceTree = "<group>"; };
		EE4692BF1EF17434002A763C /* SharedUtilityMethods.swift */ = {isa = PBXFileReference; fileEncoding = 4; lastKnownFileType = sourcecode.swift; path = SharedUtilityMethods.swift; sourceTree = "<group>"; };
		EE4692C01EF17434002A763C /* ApiClient.swift */ = {isa = PBXFileReference; fileEncoding = 4; lastKnownFileType = sourcecode.swift; path = ApiClient.swift; sourceTree = "<group>"; };
		EE5FF3011EF027C000AF9984 /* ClientCodeGen.app */ = {isa = PBXFileReference; explicitFileType = wrapper.application; includeInIndex = 0; path = ClientCodeGen.app; sourceTree = BUILT_PRODUCTS_DIR; };
		EE5FF3041EF027C100AF9984 /* AppDelegate.swift */ = {isa = PBXFileReference; lastKnownFileType = sourcecode.swift; path = AppDelegate.swift; sourceTree = "<group>"; };
		EE5FF3061EF027C100AF9984 /* ViewController.swift */ = {isa = PBXFileReference; lastKnownFileType = sourcecode.swift; path = ViewController.swift; sourceTree = "<group>"; };
		EE5FF3081EF027C100AF9984 /* Assets.xcassets */ = {isa = PBXFileReference; lastKnownFileType = folder.assetcatalog; path = Assets.xcassets; sourceTree = "<group>"; };
		EE5FF30B1EF027C100AF9984 /* Base */ = {isa = PBXFileReference; lastKnownFileType = file.storyboard; name = Base; path = Base.lproj/Main.storyboard; sourceTree = "<group>"; };
		EE5FF30D1EF027C100AF9984 /* Info.plist */ = {isa = PBXFileReference; lastKnownFileType = text.plist.xml; path = Info.plist; sourceTree = "<group>"; };
		EE5FF30E1EF027C100AF9984 /* ClientCodeGen.entitlements */ = {isa = PBXFileReference; lastKnownFileType = text.plist.entitlements; path = ClientCodeGen.entitlements; sourceTree = "<group>"; };
		EE5FF3161EF03D2F00AF9984 /* ClientCodeGen-Bridging-Header.h */ = {isa = PBXFileReference; lastKnownFileType = sourcecode.c.h; path = "ClientCodeGen-Bridging-Header.h"; sourceTree = "<group>"; };
/* End PBXFileReference section */

/* Begin PBXFrameworksBuildPhase section */
		EE5FF2FE1EF027C000AF9984 /* Frameworks */ = {
			isa = PBXFrameworksBuildPhase;
			buildActionMask = 2147483647;
			files = (
			);
			runOnlyForDeploymentPostprocessing = 0;
		};
/* End PBXFrameworksBuildPhase section */

/* Begin PBXGroup section */
		EE5FF2F81EF027C000AF9984 = {
			isa = PBXGroup;
			children = (
				EE5FF3031EF027C000AF9984 /* ClientCodeGen */,
				EE5FF3021EF027C000AF9984 /* Products */,
			);
			sourceTree = "<group>";
		};
		EE5FF3021EF027C000AF9984 /* Products */ = {
			isa = PBXGroup;
			children = (
				EE5FF3011EF027C000AF9984 /* ClientCodeGen.app */,
			);
			name = Products;
			sourceTree = "<group>";
		};
		EE5FF3031EF027C000AF9984 /* ClientCodeGen */ = {
			isa = PBXGroup;
			children = (
				EE5FF3141EF03CDF00AF9984 /* Third party libraries */,
				EE5FF31F1EF03EED00AF9984 /* Models */,
				EE5FF33E1EF0402D00AF9984 /* Supported Languages */,
				EE5FF31D1EF03EBD00AF9984 /* Misc */,
				EE5FF3041EF027C100AF9984 /* AppDelegate.swift */,
				EE5FF3061EF027C100AF9984 /* ViewController.swift */,
				EE5FF31E1EF03EC800AF9984 /* File content generators */,
				EE5FF3081EF027C100AF9984 /* Assets.xcassets */,
				EE5FF30A1EF027C100AF9984 /* Main.storyboard */,
				EE5FF30D1EF027C100AF9984 /* Info.plist */,
				EE5FF30E1EF027C100AF9984 /* ClientCodeGen.entitlements */,
			);
			path = ClientCodeGen;
			sourceTree = "<group>";
		};
		EE5FF3141EF03CDF00AF9984 /* Third party libraries */ = {
			isa = PBXGroup;
			children = (
				EE5FF3151EF03D0D00AF9984 /* Noodle Line Number */,
			);
			path = "Third party libraries";
			sourceTree = "<group>";
		};
		EE5FF3151EF03D0D00AF9984 /* Noodle Line Number */ = {
			isa = PBXGroup;
			children = (
				EE4692B61EF17421002A763C /* NoodleLineNumberMarker.h */,
				EE4692B71EF17421002A763C /* NoodleLineNumberMarker.m */,
				EE4692B81EF17421002A763C /* NoodleLineNumberView.h */,
				EE4692B91EF17421002A763C /* NoodleLineNumberView.m */,
				EE5FF3161EF03D2F00AF9984 /* ClientCodeGen-Bridging-Header.h */,
			);
			path = "Noodle Line Number";
			sourceTree = "<group>";
		};
		EE5FF31D1EF03EBD00AF9984 /* Misc */ = {
			isa = PBXGroup;
			children = (
				EE4692BD1EF17434002A763C /* StringExtension.swift */,
				EE4692BE1EF17434002A763C /* FilePreviewCell.swift */,
				EE4692BF1EF17434002A763C /* SharedUtilityMethods.swift */,
				EE4692C01EF17434002A763C /* ApiClient.swift */,
			);
			path = Misc;
			sourceTree = "<group>";
		};
		EE5FF31E1EF03EC800AF9984 /* File content generators */ = {
			isa = PBXGroup;
			children = (
				EE4692AC1EF1740C002A763C /* FileRepresenter.swift */,
				EE4692AD1EF1740C002A763C /* HeaderFileRepresenter.swift */,
				EE4692AE1EF1740C002A763C /* Property.swift */,
				EE4692AF1EF1740C002A763C /* SharedConstants.swift */,
				EE4692B01EF1740C002A763C /* FileContentBuilder.swift */,
			);
			path = "File content generators";
			sourceTree = "<group>";
		};
		EE5FF31F1EF03EED00AF9984 /* Models */ = {
			isa = PBXGroup;
			children = (
				EE4692A01EF173F7002A763C /* Constructor.swift */,
				EE4692A11EF173F7002A763C /* DataType.swift */,
				EE4692A21EF173F7002A763C /* LangModel.swift */,
				EE4692A31EF173F7002A763C /* UtilityMethod.swift */,
				EE4692A41EF173F7002A763C /* HeaderFileData.swift */,
				EE4692A51EF173F7002A763C /* Author.swift */,
			);
			name = Models;
			path = "Lang data models";
			sourceTree = "<group>";
		};
		EE5FF33E1EF0402D00AF9984 /* Supported Languages */ = {
			isa = PBXGroup;
			children = (
				EE4692821EF173EA002A763C /* Swift-Struct-Gloss.json */,
				EE4692831EF173EA002A763C /* ObjectiveC-Realm.json */,
				EE4692841EF173EA002A763C /* Java-Android Gson.json */,
				EE4692851EF173EA002A763C /* Java-Android Realm.json */,
				EE4692861EF173EA002A763C /* Java-Android.json */,
				EE4692871EF173EA002A763C /* ObjectiveC-CoreData-iOS.json */,
				EE4692881EF173EA002A763C /* ObjectiveC-iOS.json */,
				EE4692891EF173EA002A763C /* ObjectiveC-Mac.json */,
				EE46928A1EF173EA002A763C /* Swift-Realm.json */,
				EE46928B1EF173EA002A763C /* Swift-Class.json */,
				EE46928C1EF173EA002A763C /* Swift-CoreData.json */,
				EE46928D1EF173EA002A763C /* Swift-Mappable.json */,
				EE46928E1EF173EA002A763C /* Swift-Struct.json */,
				EE46928F1EF173EA002A763C /* Swift-Struct-Unbox.json */,
				EE4692901EF173EA002A763C /* SwiftyJSON-Class.json */,
			);
			path = "Supported Languages";
			sourceTree = "<group>";
		};
/* End PBXGroup section */

/* Begin PBXNativeTarget section */
		EE5FF3001EF027C000AF9984 /* ClientCodeGen */ = {
			isa = PBXNativeTarget;
			buildConfigurationList = EE5FF3111EF027C100AF9984 /* Build configuration list for PBXNativeTarget "ClientCodeGen" */;
			buildPhases = (
				EE5FF2FD1EF027C000AF9984 /* Sources */,
				EE5FF2FE1EF027C000AF9984 /* Frameworks */,
				EE5FF2FF1EF027C000AF9984 /* Resources */,
			);
			buildRules = (
			);
			dependencies = (
			);
			name = ClientCodeGen;
			productName = ClientCodeGen;
			productReference = EE5FF3011EF027C000AF9984 /* ClientCodeGen.app */;
			productType = "com.apple.product-type.application";
		};
/* End PBXNativeTarget section */

/* Begin PBXProject section */
		EE5FF2F91EF027C000AF9984 /* Project object */ = {
			isa = PBXProject;
			attributes = {
				LastSwiftUpdateCheck = 0900;
				LastUpgradeCheck = 0900;
				ORGANIZATIONNAME = "Vinh Vo";
				TargetAttributes = {
					EE5FF3001EF027C000AF9984 = {
						CreatedOnToolsVersion = 9.0;
						LastSwiftMigration = 0900;
					};
				};
			};
			buildConfigurationList = EE5FF2FC1EF027C000AF9984 /* Build configuration list for PBXProject "ClientCodeGen" */;
			compatibilityVersion = "Xcode 8.0";
			developmentRegion = en;
			hasScannedForEncodings = 0;
			knownRegions = (
				en,
				Base,
			);
			mainGroup = EE5FF2F81EF027C000AF9984;
			productRefGroup = EE5FF3021EF027C000AF9984 /* Products */;
			projectDirPath = "";
			projectRoot = "";
			targets = (
				EE5FF3001EF027C000AF9984 /* ClientCodeGen */,
			);
		};
/* End PBXProject section */

/* Begin PBXResourcesBuildPhase section */
		EE5FF2FF1EF027C000AF9984 /* Resources */ = {
			isa = PBXResourcesBuildPhase;
			buildActionMask = 2147483647;
			files = (
				EE46929A1EF173EA002A763C /* Swift-Class.json in Resources */,
				EE46929C1EF173EA002A763C /* Swift-Mappable.json in Resources */,
				EE4692951EF173EA002A763C /* Java-Android.json in Resources */,
				EE5FF3091EF027C100AF9984 /* Assets.xcassets in Resources */,
				EE46929D1EF173EA002A763C /* Swift-Struct.json in Resources */,
				EE4692991EF173EA002A763C /* Swift-Realm.json in Resources */,
				EE4692961EF173EA002A763C /* ObjectiveC-CoreData-iOS.json in Resources */,
				EE46929E1EF173EA002A763C /* Swift-Struct-Unbox.json in Resources */,
				EE4692981EF173EA002A763C /* ObjectiveC-Mac.json in Resources */,
				EE4692931EF173EA002A763C /* Java-Android Gson.json in Resources */,
				EE4692941EF173EA002A763C /* Java-Android Realm.json in Resources */,
				EE4692921EF173EA002A763C /* ObjectiveC-Realm.json in Resources */,
				EE4692971EF173EA002A763C /* ObjectiveC-iOS.json in Resources */,
				EE4692911EF173EA002A763C /* Swift-Struct-Gloss.json in Resources */,
				EE46929F1EF173EA002A763C /* SwiftyJSON-Class.json in Resources */,
				EE46929B1EF173EA002A763C /* Swift-CoreData.json in Resources */,
				EE5FF30C1EF027C100AF9984 /* Main.storyboard in Resources */,
			);
			runOnlyForDeploymentPostprocessing = 0;
		};
/* End PBXResourcesBuildPhase section */

/* Begin PBXSourcesBuildPhase section */
		EE5FF2FD1EF027C000AF9984 /* Sources */ = {
			isa = PBXSourcesBuildPhase;
			buildActionMask = 2147483647;
			files = (
				EE4692B11EF1740C002A763C /* FileRepresenter.swift in Sources */,
				EE4692B51EF1740C002A763C /* FileContentBuilder.swift in Sources */,
				EE4692C31EF17434002A763C /* SharedUtilityMethods.swift in Sources */,
				EE5FF3071EF027C100AF9984 /* ViewController.swift in Sources */,
				EE4692BC1EF17421002A763C /* NoodleLineNumberView.m in Sources */,
				EE4692C11EF17434002A763C /* StringExtension.swift in Sources */,
				EE4692B31EF1740C002A763C /* Property.swift in Sources */,
				EE4692AA1EF173F7002A763C /* HeaderFileData.swift in Sources */,
				EE4692B41EF1740C002A763C /* SharedConstants.swift in Sources */,
				EE4692AB1EF173F7002A763C /* Author.swift in Sources */,
				EE4692BB1EF17421002A763C /* NoodleLineNumberMarker.m in Sources */,
				EE4692C21EF17434002A763C /* FilePreviewCell.swift in Sources */,
				EE4692C41EF17434002A763C /* ApiClient.swift in Sources */,
				EE4692A71EF173F7002A763C /* DataType.swift in Sources */,
				EE4692A81EF173F7002A763C /* LangModel.swift in Sources */,
				EE4692A91EF173F7002A763C /* UtilityMethod.swift in Sources */,
				EE5FF3051EF027C100AF9984 /* AppDelegate.swift in Sources */,
				EE4692B21EF1740C002A763C /* HeaderFileRepresenter.swift in Sources */,
				EE4692A61EF173F7002A763C /* Constructor.swift in Sources */,
			);
			runOnlyForDeploymentPostprocessing = 0;
		};
/* End PBXSourcesBuildPhase section */

/* Begin PBXVariantGroup section */
		EE5FF30A1EF027C100AF9984 /* Main.storyboard */ = {
			isa = PBXVariantGroup;
			children = (
				EE5FF30B1EF027C100AF9984 /* Base */,
			);
			name = Main.storyboard;
			sourceTree = "<group>";
		};
/* End PBXVariantGroup section */

/* Begin XCBuildConfiguration section */
		EE5FF30F1EF027C100AF9984 /* Debug */ = {
			isa = XCBuildConfiguration;
			buildSettings = {
				ALWAYS_SEARCH_USER_PATHS = NO;
				CLANG_ANALYZER_NONNULL = YES;
				CLANG_ANALYZER_NUMBER_OBJECT_CONVERSION = YES_AGGRESSIVE;
				CLANG_CXX_LANGUAGE_STANDARD = "gnu++14";
				CLANG_CXX_LIBRARY = "libc++";
				CLANG_ENABLE_MODULES = YES;
				CLANG_ENABLE_OBJC_ARC = YES;
				CLANG_WARN_BLOCK_CAPTURE_AUTORELEASING = YES;
				CLANG_WARN_BOOL_CONVERSION = YES;
				CLANG_WARN_COMMA = YES;
				CLANG_WARN_CONSTANT_CONVERSION = YES;
				CLANG_WARN_DIRECT_OBJC_ISA_USAGE = YES_ERROR;
				CLANG_WARN_DOCUMENTATION_COMMENTS = YES;
				CLANG_WARN_EMPTY_BODY = YES;
				CLANG_WARN_ENUM_CONVERSION = YES;
				CLANG_WARN_INFINITE_RECURSION = YES;
				CLANG_WARN_INT_CONVERSION = YES;
				CLANG_WARN_NON_LITERAL_NULL_CONVERSION = YES;
				CLANG_WARN_OBJC_LITERAL_CONVERSION = YES;
				CLANG_WARN_OBJC_ROOT_CLASS = YES_ERROR;
				CLANG_WARN_RANGE_LOOP_ANALYSIS = YES;
				CLANG_WARN_STRICT_PROTOTYPES = YES;
				CLANG_WARN_SUSPICIOUS_MOVE = YES;
				CLANG_WARN_UNGUARDED_AVAILABILITY = YES_AGGRESSIVE;
				CLANG_WARN_UNREACHABLE_CODE = YES;
				CLANG_WARN__DUPLICATE_METHOD_MATCH = YES;
				CODE_SIGN_IDENTITY = "Mac Developer";
				COPY_PHASE_STRIP = NO;
				DEBUG_INFORMATION_FORMAT = dwarf;
				ENABLE_STRICT_OBJC_MSGSEND = YES;
				ENABLE_TESTABILITY = YES;
				GCC_C_LANGUAGE_STANDARD = gnu11;
				GCC_DYNAMIC_NO_PIC = NO;
				GCC_NO_COMMON_BLOCKS = YES;
				GCC_OPTIMIZATION_LEVEL = 0;
				GCC_PREPROCESSOR_DEFINITIONS = (
					"DEBUG=1",
					"$(inherited)",
				);
				GCC_WARN_64_TO_32_BIT_CONVERSION = YES;
				GCC_WARN_ABOUT_RETURN_TYPE = YES_ERROR;
				GCC_WARN_UNDECLARED_SELECTOR = YES;
				GCC_WARN_UNINITIALIZED_AUTOS = YES_AGGRESSIVE;
				GCC_WARN_UNUSED_FUNCTION = YES;
				GCC_WARN_UNUSED_VARIABLE = YES;
				MACOSX_DEPLOYMENT_TARGET = 10.12;
				MTL_ENABLE_DEBUG_INFO = YES;
				ONLY_ACTIVE_ARCH = YES;
				SDKROOT = macosx;
				SWIFT_ACTIVE_COMPILATION_CONDITIONS = DEBUG;
				SWIFT_OPTIMIZATION_LEVEL = "-Onone";
			};
			name = Debug;
		};
		EE5FF3101EF027C100AF9984 /* Release */ = {
			isa = XCBuildConfiguration;
			buildSettings = {
				ALWAYS_SEARCH_USER_PATHS = NO;
				CLANG_ANALYZER_NONNULL = YES;
				CLANG_ANALYZER_NUMBER_OBJECT_CONVERSION = YES_AGGRESSIVE;
				CLANG_CXX_LANGUAGE_STANDARD = "gnu++14";
				CLANG_CXX_LIBRARY = "libc++";
				CLANG_ENABLE_MODULES = YES;
				CLANG_ENABLE_OBJC_ARC = YES;
				CLANG_WARN_BLOCK_CAPTURE_AUTORELEASING = YES;
				CLANG_WARN_BOOL_CONVERSION = YES;
				CLANG_WARN_COMMA = YES;
				CLANG_WARN_CONSTANT_CONVERSION = YES;
				CLANG_WARN_DIRECT_OBJC_ISA_USAGE = YES_ERROR;
				CLANG_WARN_DOCUMENTATION_COMMENTS = YES;
				CLANG_WARN_EMPTY_BODY = YES;
				CLANG_WARN_ENUM_CONVERSION = YES;
				CLANG_WARN_INFINITE_RECURSION = YES;
				CLANG_WARN_INT_CONVERSION = YES;
				CLANG_WARN_NON_LITERAL_NULL_CONVERSION = YES;
				CLANG_WARN_OBJC_LITERAL_CONVERSION = YES;
				CLANG_WARN_OBJC_ROOT_CLASS = YES_ERROR;
				CLANG_WARN_RANGE_LOOP_ANALYSIS = YES;
				CLANG_WARN_STRICT_PROTOTYPES = YES;
				CLANG_WARN_SUSPICIOUS_MOVE = YES;
				CLANG_WARN_UNGUARDED_AVAILABILITY = YES_AGGRESSIVE;
				CLANG_WARN_UNREACHABLE_CODE = YES;
				CLANG_WARN__DUPLICATE_METHOD_MATCH = YES;
				CODE_SIGN_IDENTITY = "Mac Developer";
				COPY_PHASE_STRIP = NO;
				DEBUG_INFORMATION_FORMAT = "dwarf-with-dsym";
				ENABLE_NS_ASSERTIONS = NO;
				ENABLE_STRICT_OBJC_MSGSEND = YES;
				GCC_C_LANGUAGE_STANDARD = gnu11;
				GCC_NO_COMMON_BLOCKS = YES;
				GCC_WARN_64_TO_32_BIT_CONVERSION = YES;
				GCC_WARN_ABOUT_RETURN_TYPE = YES_ERROR;
				GCC_WARN_UNDECLARED_SELECTOR = YES;
				GCC_WARN_UNINITIALIZED_AUTOS = YES_AGGRESSIVE;
				GCC_WARN_UNUSED_FUNCTION = YES;
				GCC_WARN_UNUSED_VARIABLE = YES;
				MACOSX_DEPLOYMENT_TARGET = 10.12;
				MTL_ENABLE_DEBUG_INFO = NO;
				SDKROOT = macosx;
				SWIFT_OPTIMIZATION_LEVEL = "-Owholemodule";
			};
			name = Release;
		};
		EE5FF3121EF027C100AF9984 /* Debug */ = {
			isa = XCBuildConfiguration;
			buildSettings = {
				ASSETCATALOG_COMPILER_APPICON_NAME = AppIcon;
				CLANG_ENABLE_MODULES = YES;
				COMBINE_HIDPI_IMAGES = YES;
				DEVELOPMENT_TEAM = G66H636BX7;
				INFOPLIST_FILE = ClientCodeGen/Info.plist;
				LD_RUNPATH_SEARCH_PATHS = "$(inherited) @executable_path/../Frameworks";
				MACOSX_DEPLOYMENT_TARGET = 10.10;
				PRODUCT_BUNDLE_IDENTIFIER = com.vimask.ClientCodeGen;
				PRODUCT_NAME = "$(TARGET_NAME)";
				SWIFT_OBJC_BRIDGING_HEADER = "ClientCodeGen/Third party libraries/Noodle Line Number/ClientCodeGen-Bridging-Header.h";
				SWIFT_OPTIMIZATION_LEVEL = "-Onone";
				SWIFT_VERSION = 4.0;
			};
			name = Debug;
		};
		EE5FF3131EF027C100AF9984 /* Release */ = {
			isa = XCBuildConfiguration;
			buildSettings = {
				ASSETCATALOG_COMPILER_APPICON_NAME = AppIcon;
				CLANG_ENABLE_MODULES = YES;
				COMBINE_HIDPI_IMAGES = YES;
				DEVELOPMENT_TEAM = G66H636BX7;
				INFOPLIST_FILE = ClientCodeGen/Info.plist;
				LD_RUNPATH_SEARCH_PATHS = "$(inherited) @executable_path/../Frameworks";
				MACOSX_DEPLOYMENT_TARGET = 10.10;
				PRODUCT_BUNDLE_IDENTIFIER = com.vimask.ClientCodeGen;
				PRODUCT_NAME = "$(TARGET_NAME)";
				SWIFT_OBJC_BRIDGING_HEADER = "ClientCodeGen/Third party libraries/Noodle Line Number/ClientCodeGen-Bridging-Header.h";
				SWIFT_VERSION = 4.0;
			};
			name = Release;
		};
/* End XCBuildConfiguration section */

/* Begin XCConfigurationList section */
		EE5FF2FC1EF027C000AF9984 /* Build configuration list for PBXProject "ClientCodeGen" */ = {
			isa = XCConfigurationList;
			buildConfigurations = (
				EE5FF30F1EF027C100AF9984 /* Debug */,
				EE5FF3101EF027C100AF9984 /* Release */,
			);
			defaultConfigurationIsVisible = 0;
			defaultConfigurationName = Release;
		};
		EE5FF3111EF027C100AF9984 /* Build configuration list for PBXNativeTarget "ClientCodeGen" */ = {
			isa = XCConfigurationList;
			buildConfigurations = (
				EE5FF3121EF027C100AF9984 /* Debug */,
				EE5FF3131EF027C100AF9984 /* Release */,
			);
			defaultConfigurationIsVisible = 0;
			defaultConfigurationName = Release;
		};
/* End XCConfigurationList section */
	};
	rootObject = EE5FF2F91EF027C000AF9984 /* Project object */;
}
